
Microsoft Visual Studio Solution File, Format Version 12.00
# Visual Studio Version 17
VisualStudioVersion = 17.4.33205.214
MinimumVisualStudioVersion = 10.0.40219.1
Project("{FAE04EC0-301F-11D3-BF4B-00C04F79EFBC}") = "W1_Calculator", "W1_Calculator\W1_Calculator.csproj", "{5908FBEC-8254-4BE2-94BC-1CB89665BFE4}"
EndProject
Global
	GlobalSection(SolutionConfigurationPlatforms) = preSolution
		Debug|Any CPU = Debug|Any CPU
		Release|Any CPU = Release|Any CPU
	EndGlobalSection
	GlobalSection(ProjectConfigurationPlatforms) = postSolution
		{5908FBEC-8254-4BE2-94BC-1CB89665BFE4}.Debug|Any CPU.ActiveCfg = Debug|Any CPU
		{5908FBEC-8254-4BE2-94BC-1CB89665BFE4}.Debug|Any CPU.Build.0 = Debug|Any CPU
		{5908FBEC-8254-4BE2-94BC-1CB89665BFE4}.Release|Any CPU.ActiveCfg = Release|Any CPU
		{5908FBEC-8254-4BE2-94BC-1CB89665BFE4}.Release|Any CPU.Build.0 = Release|Any CPU
	EndGlobalSection
	GlobalSection(SolutionProperties) = preSolution
		HideSolutionNode = FALSE
	EndGlobalSection
	GlobalSection(ExtensibilityGlobals) = postSolution
		SolutionGuid = {A71CB784-AD3D-4527-B938-98A962473711}
	EndGlobalSection
EndGlobal
